
Microsoft Visual Studio Solution File, Format Version 12.00
# Visual Studio Version 16
VisualStudioVersion = 16.0.31313.79
MinimumVisualStudioVersion = 10.0.40219.1
Project("{9A19103F-16F7-4668-BE54-9A1E7A4F7556}") = "Randomizer.Generator", "Randomizer.Generator\Randomizer.Generator.csproj", "{DF21E4B9-0E88-4B84-A1FA-B5AC4202927E}"
EndProject
Project("{9A19103F-16F7-4668-BE54-9A1E7A4F7556}") = "Randomizer.Generator.Test", "Randomizer.Generator.Test\Randomizer.Generator.Test.csproj", "{E6AD6045-C8EB-44E1-A077-8D9B7EB76689}"
EndProject
Project("{9A19103F-16F7-4668-BE54-9A1E7A4F7556}") = "Randomizer.Generator.CmdLine", "Randomizer.Generator.Console\Randomizer.Generator.CmdLine.csproj", "{05526CDF-3328-47CB-9BD2-339FDEB42698}"
EndProject
Project("{2150E333-8FDC-42A3-9474-1A3956D46DE8}") = "Solution Items", "Solution Items", "{1D7F3FA7-5F35-4231-AF30-E27A53CC3E39}"
	ProjectSection(SolutionItems) = preProject
		.editorconfig = .editorconfig
	EndProjectSection
EndProject
Project("{9A19103F-16F7-4668-BE54-9A1E7A4F7556}") = "Randomizer.Generator.UITerminal", "Randomizer.Generator.Terminal\Randomizer.Generator.UITerminal.csproj", "{39AB0551-D656-43D7-80D7-91AD7A87B0BE}"
EndProject
Global
	GlobalSection(SolutionConfigurationPlatforms) = preSolution
		Beta|Any CPU = Beta|Any CPU
		Beta|ARM = Beta|ARM
		Beta|iPhone = Beta|iPhone
		Beta|iPhoneSimulator = Beta|iPhoneSimulator
		Beta|x64 = Beta|x64
		Beta|x86 = Beta|x86
		Debug|Any CPU = Debug|Any CPU
		Debug|ARM = Debug|ARM
		Debug|iPhone = Debug|iPhone
		Debug|iPhoneSimulator = Debug|iPhoneSimulator
		Debug|x64 = Debug|x64
		Debug|x86 = Debug|x86
		Release|Any CPU = Release|Any CPU
		Release|ARM = Release|ARM
		Release|iPhone = Release|iPhone
		Release|iPhoneSimulator = Release|iPhoneSimulator
		Release|x64 = Release|x64
		Release|x86 = Release|x86
	EndGlobalSection
	GlobalSection(ProjectConfigurationPlatforms) = postSolution
		{DF21E4B9-0E88-4B84-A1FA-B5AC4202927E}.Beta|Any CPU.ActiveCfg = Beta|Any CPU
		{DF21E4B9-0E88-4B84-A1FA-B5AC4202927E}.Beta|Any CPU.Build.0 = Beta|Any CPU
		{DF21E4B9-0E88-4B84-A1FA-B5AC4202927E}.Beta|ARM.ActiveCfg = Beta|Any CPU
		{DF21E4B9-0E88-4B84-A1FA-B5AC4202927E}.Beta|ARM.Build.0 = Beta|Any CPU
		{DF21E4B9-0E88-4B84-A1FA-B5AC4202927E}.Beta|iPhone.ActiveCfg = Beta|Any CPU
		{DF21E4B9-0E88-4B84-A1FA-B5AC4202927E}.Beta|iPhone.Build.0 = Beta|Any CPU
		{DF21E4B9-0E88-4B84-A1FA-B5AC4202927E}.Beta|iPhoneSimulator.ActiveCfg = Beta|Any CPU
		{DF21E4B9-0E88-4B84-A1FA-B5AC4202927E}.Beta|iPhoneSimulator.Build.0 = Beta|Any CPU
		{DF21E4B9-0E88-4B84-A1FA-B5AC4202927E}.Beta|x64.ActiveCfg = Beta|Any CPU
		{DF21E4B9-0E88-4B84-A1FA-B5AC4202927E}.Beta|x64.Build.0 = Beta|Any CPU
		{DF21E4B9-0E88-4B84-A1FA-B5AC4202927E}.Beta|x86.ActiveCfg = Beta|Any CPU
		{DF21E4B9-0E88-4B84-A1FA-B5AC4202927E}.Beta|x86.Build.0 = Beta|Any CPU
		{DF21E4B9-0E88-4B84-A1FA-B5AC4202927E}.Debug|Any CPU.ActiveCfg = Debug|Any CPU
		{DF21E4B9-0E88-4B84-A1FA-B5AC4202927E}.Debug|Any CPU.Build.0 = Debug|Any CPU
		{DF21E4B9-0E88-4B84-A1FA-B5AC4202927E}.Debug|ARM.ActiveCfg = Debug|Any CPU
		{DF21E4B9-0E88-4B84-A1FA-B5AC4202927E}.Debug|ARM.Build.0 = Debug|Any CPU
		{DF21E4B9-0E88-4B84-A1FA-B5AC4202927E}.Debug|iPhone.ActiveCfg = Debug|Any CPU
		{DF21E4B9-0E88-4B84-A1FA-B5AC4202927E}.Debug|iPhone.Build.0 = Debug|Any CPU
		{DF21E4B9-0E88-4B84-A1FA-B5AC4202927E}.Debug|iPhoneSimulator.ActiveCfg = Debug|Any CPU
		{DF21E4B9-0E88-4B84-A1FA-B5AC4202927E}.Debug|iPhoneSimulator.Build.0 = Debug|Any CPU
		{DF21E4B9-0E88-4B84-A1FA-B5AC4202927E}.Debug|x64.ActiveCfg = Debug|Any CPU
		{DF21E4B9-0E88-4B84-A1FA-B5AC4202927E}.Debug|x64.Build.0 = Debug|Any CPU
		{DF21E4B9-0E88-4B84-A1FA-B5AC4202927E}.Debug|x86.ActiveCfg = Debug|Any CPU
		{DF21E4B9-0E88-4B84-A1FA-B5AC4202927E}.Debug|x86.Build.0 = Debug|Any CPU
		{DF21E4B9-0E88-4B84-A1FA-B5AC4202927E}.Release|Any CPU.ActiveCfg = Release|Any CPU
		{DF21E4B9-0E88-4B84-A1FA-B5AC4202927E}.Release|Any CPU.Build.0 = Release|Any CPU
		{DF21E4B9-0E88-4B84-A1FA-B5AC4202927E}.Release|ARM.ActiveCfg = Release|Any CPU
		{DF21E4B9-0E88-4B84-A1FA-B5AC4202927E}.Release|ARM.Build.0 = Release|Any CPU
		{DF21E4B9-0E88-4B84-A1FA-B5AC4202927E}.Release|iPhone.ActiveCfg = Release|Any CPU
		{DF21E4B9-0E88-4B84-A1FA-B5AC4202927E}.Release|iPhone.Build.0 = Release|Any CPU
		{DF21E4B9-0E88-4B84-A1FA-B5AC4202927E}.Release|iPhoneSimulator.ActiveCfg = Release|Any CPU
		{DF21E4B9-0E88-4B84-A1FA-B5AC4202927E}.Release|iPhoneSimulator.Build.0 = Release|Any CPU
		{DF21E4B9-0E88-4B84-A1FA-B5AC4202927E}.Release|x64.ActiveCfg = Release|Any CPU
		{DF21E4B9-0E88-4B84-A1FA-B5AC4202927E}.Release|x64.Build.0 = Release|Any CPU
		{DF21E4B9-0E88-4B84-A1FA-B5AC4202927E}.Release|x86.ActiveCfg = Release|Any CPU
		{DF21E4B9-0E88-4B84-A1FA-B5AC4202927E}.Release|x86.Build.0 = Release|Any CPU
		{E6AD6045-C8EB-44E1-A077-8D9B7EB76689}.Beta|Any CPU.ActiveCfg = Beta|Any CPU
		{E6AD6045-C8EB-44E1-A077-8D9B7EB76689}.Beta|Any CPU.Build.0 = Beta|Any CPU
		{E6AD6045-C8EB-44E1-A077-8D9B7EB76689}.Beta|ARM.ActiveCfg = Beta|Any CPU
		{E6AD6045-C8EB-44E1-A077-8D9B7EB76689}.Beta|ARM.Build.0 = Beta|Any CPU
		{E6AD6045-C8EB-44E1-A077-8D9B7EB76689}.Beta|iPhone.ActiveCfg = Beta|Any CPU
		{E6AD6045-C8EB-44E1-A077-8D9B7EB76689}.Beta|iPhone.Build.0 = Beta|Any CPU
		{E6AD6045-C8EB-44E1-A077-8D9B7EB76689}.Beta|iPhoneSimulator.ActiveCfg = Beta|Any CPU
		{E6AD6045-C8EB-44E1-A077-8D9B7EB76689}.Beta|iPhoneSimulator.Build.0 = Beta|Any CPU
		{E6AD6045-C8EB-44E1-A077-8D9B7EB76689}.Beta|x64.ActiveCfg = Beta|Any CPU
		{E6AD6045-C8EB-44E1-A077-8D9B7EB76689}.Beta|x64.Build.0 = Beta|Any CPU
		{E6AD6045-C8EB-44E1-A077-8D9B7EB76689}.Beta|x86.ActiveCfg = Beta|Any CPU
		{E6AD6045-C8EB-44E1-A077-8D9B7EB76689}.Beta|x86.Build.0 = Beta|Any CPU
		{E6AD6045-C8EB-44E1-A077-8D9B7EB76689}.Debug|Any CPU.ActiveCfg = Debug|Any CPU
		{E6AD6045-C8EB-44E1-A077-8D9B7EB76689}.Debug|Any CPU.Build.0 = Debug|Any CPU
		{E6AD6045-C8EB-44E1-A077-8D9B7EB76689}.Debug|ARM.ActiveCfg = Debug|Any CPU
		{E6AD6045-C8EB-44E1-A077-8D9B7EB76689}.Debug|ARM.Build.0 = Debug|Any CPU
		{E6AD6045-C8EB-44E1-A077-8D9B7EB76689}.Debug|iPhone.ActiveCfg = Debug|Any CPU
		{E6AD6045-C8EB-44E1-A077-8D9B7EB76689}.Debug|iPhone.Build.0 = Debug|Any CPU
		{E6AD6045-C8EB-44E1-A077-8D9B7EB76689}.Debug|iPhoneSimulator.ActiveCfg = Debug|Any CPU
		{E6AD6045-C8EB-44E1-A077-8D9B7EB76689}.Debug|iPhoneSimulator.Build.0 = Debug|Any CPU
		{E6AD6045-C8EB-44E1-A077-8D9B7EB76689}.Debug|x64.ActiveCfg = Debug|Any CPU
		{E6AD6045-C8EB-44E1-A077-8D9B7EB76689}.Debug|x64.Build.0 = Debug|Any CPU
		{E6AD6045-C8EB-44E1-A077-8D9B7EB76689}.Debug|x86.ActiveCfg = Debug|Any CPU
		{E6AD6045-C8EB-44E1-A077-8D9B7EB76689}.Debug|x86.Build.0 = Debug|Any CPU
		{E6AD6045-C8EB-44E1-A077-8D9B7EB76689}.Release|Any CPU.ActiveCfg = Release|Any CPU
		{E6AD6045-C8EB-44E1-A077-8D9B7EB76689}.Release|Any CPU.Build.0 = Release|Any CPU
		{E6AD6045-C8EB-44E1-A077-8D9B7EB76689}.Release|ARM.ActiveCfg = Release|Any CPU
		{E6AD6045-C8EB-44E1-A077-8D9B7EB76689}.Release|ARM.Build.0 = Release|Any CPU
		{E6AD6045-C8EB-44E1-A077-8D9B7EB76689}.Release|iPhone.ActiveCfg = Release|Any CPU
		{E6AD6045-C8EB-44E1-A077-8D9B7EB76689}.Release|iPhone.Build.0 = Release|Any CPU
		{E6AD6045-C8EB-44E1-A077-8D9B7EB76689}.Release|iPhoneSimulator.ActiveCfg = Release|Any CPU
		{E6AD6045-C8EB-44E1-A077-8D9B7EB76689}.Release|iPhoneSimulator.Build.0 = Release|Any CPU
		{E6AD6045-C8EB-44E1-A077-8D9B7EB76689}.Release|x64.ActiveCfg = Release|Any CPU
		{E6AD6045-C8EB-44E1-A077-8D9B7EB76689}.Release|x64.Build.0 = Release|Any CPU
		{E6AD6045-C8EB-44E1-A077-8D9B7EB76689}.Release|x86.ActiveCfg = Release|Any CPU
		{E6AD6045-C8EB-44E1-A077-8D9B7EB76689}.Release|x86.Build.0 = Release|Any CPU
		{05526CDF-3328-47CB-9BD2-339FDEB42698}.Beta|Any CPU.ActiveCfg = Beta|Any CPU
		{05526CDF-3328-47CB-9BD2-339FDEB42698}.Beta|Any CPU.Build.0 = Beta|Any CPU
		{05526CDF-3328-47CB-9BD2-339FDEB42698}.Beta|ARM.ActiveCfg = Beta|Any CPU
		{05526CDF-3328-47CB-9BD2-339FDEB42698}.Beta|ARM.Build.0 = Beta|Any CPU
		{05526CDF-3328-47CB-9BD2-339FDEB42698}.Beta|iPhone.ActiveCfg = Beta|Any CPU
		{05526CDF-3328-47CB-9BD2-339FDEB42698}.Beta|iPhone.Build.0 = Beta|Any CPU
		{05526CDF-3328-47CB-9BD2-339FDEB42698}.Beta|iPhoneSimulator.ActiveCfg = Beta|Any CPU
		{05526CDF-3328-47CB-9BD2-339FDEB42698}.Beta|iPhoneSimulator.Build.0 = Beta|Any CPU
		{05526CDF-3328-47CB-9BD2-339FDEB42698}.Beta|x64.ActiveCfg = Beta|Any CPU
		{05526CDF-3328-47CB-9BD2-339FDEB42698}.Beta|x64.Build.0 = Beta|Any CPU
		{05526CDF-3328-47CB-9BD2-339FDEB42698}.Beta|x86.ActiveCfg = Beta|Any CPU
		{05526CDF-3328-47CB-9BD2-339FDEB42698}.Beta|x86.Build.0 = Beta|Any CPU
		{05526CDF-3328-47CB-9BD2-339FDEB42698}.Debug|Any CPU.ActiveCfg = Debug|Any CPU
		{05526CDF-3328-47CB-9BD2-339FDEB42698}.Debug|Any CPU.Build.0 = Debug|Any CPU
		{05526CDF-3328-47CB-9BD2-339FDEB42698}.Debug|ARM.ActiveCfg = Debug|Any CPU
		{05526CDF-3328-47CB-9BD2-339FDEB42698}.Debug|ARM.Build.0 = Debug|Any CPU
		{05526CDF-3328-47CB-9BD2-339FDEB42698}.Debug|iPhone.ActiveCfg = Debug|Any CPU
		{05526CDF-3328-47CB-9BD2-339FDEB42698}.Debug|iPhone.Build.0 = Debug|Any CPU
		{05526CDF-3328-47CB-9BD2-339FDEB42698}.Debug|iPhoneSimulator.ActiveCfg = Debug|Any CPU
		{05526CDF-3328-47CB-9BD2-339FDEB42698}.Debug|iPhoneSimulator.Build.0 = Debug|Any CPU
		{05526CDF-3328-47CB-9BD2-339FDEB42698}.Debug|x64.ActiveCfg = Debug|Any CPU
		{05526CDF-3328-47CB-9BD2-339FDEB42698}.Debug|x64.Build.0 = Debug|Any CPU
		{05526CDF-3328-47CB-9BD2-339FDEB42698}.Debug|x86.ActiveCfg = Debug|Any CPU
		{05526CDF-3328-47CB-9BD2-339FDEB42698}.Debug|x86.Build.0 = Debug|Any CPU
		{05526CDF-3328-47CB-9BD2-339FDEB42698}.Release|Any CPU.ActiveCfg = Release|Any CPU
		{05526CDF-3328-47CB-9BD2-339FDEB42698}.Release|Any CPU.Build.0 = Release|Any CPU
		{05526CDF-3328-47CB-9BD2-339FDEB42698}.Release|ARM.ActiveCfg = Release|Any CPU
		{05526CDF-3328-47CB-9BD2-339FDEB42698}.Release|ARM.Build.0 = Release|Any CPU
		{05526CDF-3328-47CB-9BD2-339FDEB42698}.Release|iPhone.ActiveCfg = Release|Any CPU
		{05526CDF-3328-47CB-9BD2-339FDEB42698}.Release|iPhone.Build.0 = Release|Any CPU
		{05526CDF-3328-47CB-9BD2-339FDEB42698}.Release|iPhoneSimulator.ActiveCfg = Release|Any CPU
		{05526CDF-3328-47CB-9BD2-339FDEB42698}.Release|iPhoneSimulator.Build.0 = Release|Any CPU
		{05526CDF-3328-47CB-9BD2-339FDEB42698}.Release|x64.ActiveCfg = Release|Any CPU
		{05526CDF-3328-47CB-9BD2-339FDEB42698}.Release|x64.Build.0 = Release|Any CPU
		{05526CDF-3328-47CB-9BD2-339FDEB42698}.Release|x86.ActiveCfg = Release|Any CPU
		{05526CDF-3328-47CB-9BD2-339FDEB42698}.Release|x86.Build.0 = Release|Any CPU
		{39AB0551-D656-43D7-80D7-91AD7A87B0BE}.Beta|Any CPU.ActiveCfg = Beta|Any CPU
		{39AB0551-D656-43D7-80D7-91AD7A87B0BE}.Beta|Any CPU.Build.0 = Beta|Any CPU
		{39AB0551-D656-43D7-80D7-91AD7A87B0BE}.Beta|ARM.ActiveCfg = Beta|Any CPU
		{39AB0551-D656-43D7-80D7-91AD7A87B0BE}.Beta|ARM.Build.0 = Beta|Any CPU
		{39AB0551-D656-43D7-80D7-91AD7A87B0BE}.Beta|iPhone.ActiveCfg = Beta|Any CPU
		{39AB0551-D656-43D7-80D7-91AD7A87B0BE}.Beta|iPhone.Build.0 = Beta|Any CPU
		{39AB0551-D656-43D7-80D7-91AD7A87B0BE}.Beta|iPhoneSimulator.ActiveCfg = Beta|Any CPU
		{39AB0551-D656-43D7-80D7-91AD7A87B0BE}.Beta|iPhoneSimulator.Build.0 = Beta|Any CPU
		{39AB0551-D656-43D7-80D7-91AD7A87B0BE}.Beta|x64.ActiveCfg = Beta|Any CPU
		{39AB0551-D656-43D7-80D7-91AD7A87B0BE}.Beta|x64.Build.0 = Beta|Any CPU
		{39AB0551-D656-43D7-80D7-91AD7A87B0BE}.Beta|x86.ActiveCfg = Beta|Any CPU
		{39AB0551-D656-43D7-80D7-91AD7A87B0BE}.Beta|x86.Build.0 = Beta|Any CPU
		{39AB0551-D656-43D7-80D7-91AD7A87B0BE}.Debug|Any CPU.ActiveCfg = Debug|Any CPU
		{39AB0551-D656-43D7-80D7-91AD7A87B0BE}.Debug|Any CPU.Build.0 = Debug|Any CPU
		{39AB0551-D656-43D7-80D7-91AD7A87B0BE}.Debug|ARM.ActiveCfg = Debug|Any CPU
		{39AB0551-D656-43D7-80D7-91AD7A87B0BE}.Debug|ARM.Build.0 = Debug|Any CPU
		{39AB0551-D656-43D7-80D7-91AD7A87B0BE}.Debug|iPhone.ActiveCfg = Debug|Any CPU
		{39AB0551-D656-43D7-80D7-91AD7A87B0BE}.Debug|iPhone.Build.0 = Debug|Any CPU
		{39AB0551-D656-43D7-80D7-91AD7A87B0BE}.Debug|iPhoneSimulator.ActiveCfg = Debug|Any CPU
		{39AB0551-D656-43D7-80D7-91AD7A87B0BE}.Debug|iPhoneSimulator.Build.0 = Debug|Any CPU
		{39AB0551-D656-43D7-80D7-91AD7A87B0BE}.Debug|x64.ActiveCfg = Debug|Any CPU
		{39AB0551-D656-43D7-80D7-91AD7A87B0BE}.Debug|x64.Build.0 = Debug|Any CPU
		{39AB0551-D656-43D7-80D7-91AD7A87B0BE}.Debug|x86.ActiveCfg = Debug|Any CPU
		{39AB0551-D656-43D7-80D7-91AD7A87B0BE}.Debug|x86.Build.0 = Debug|Any CPU
		{39AB0551-D656-43D7-80D7-91AD7A87B0BE}.Release|Any CPU.ActiveCfg = Release|Any CPU
		{39AB0551-D656-43D7-80D7-91AD7A87B0BE}.Release|Any CPU.Build.0 = Release|Any CPU
		{39AB0551-D656-43D7-80D7-91AD7A87B0BE}.Release|ARM.ActiveCfg = Release|Any CPU
		{39AB0551-D656-43D7-80D7-91AD7A87B0BE}.Release|ARM.Build.0 = Release|Any CPU
		{39AB0551-D656-43D7-80D7-91AD7A87B0BE}.Release|iPhone.ActiveCfg = Release|Any CPU
		{39AB0551-D656-43D7-80D7-91AD7A87B0BE}.Release|iPhone.Build.0 = Release|Any CPU
		{39AB0551-D656-43D7-80D7-91AD7A87B0BE}.Release|iPhoneSimulator.ActiveCfg = Release|Any CPU
		{39AB0551-D656-43D7-80D7-91AD7A87B0BE}.Release|iPhoneSimulator.Build.0 = Release|Any CPU
		{39AB0551-D656-43D7-80D7-91AD7A87B0BE}.Release|x64.ActiveCfg = Release|Any CPU
		{39AB0551-D656-43D7-80D7-91AD7A87B0BE}.Release|x64.Build.0 = Release|Any CPU
		{39AB0551-D656-43D7-80D7-91AD7A87B0BE}.Release|x86.ActiveCfg = Release|Any CPU
		{39AB0551-D656-43D7-80D7-91AD7A87B0BE}.Release|x86.Build.0 = Release|Any CPU
	EndGlobalSection
	GlobalSection(SolutionProperties) = preSolution
		HideSolutionNode = FALSE
	EndGlobalSection
	GlobalSection(ExtensibilityGlobals) = postSolution
		SolutionGuid = {E1EEFA21-5EC9-4E89-B95C-156841317D13}
	EndGlobalSection
EndGlobal
