
Microsoft Visual Studio Solution File, Format Version 12.00
# Visual Studio Version 17
VisualStudioVersion = 17.3.32811.315
MinimumVisualStudioVersion = 10.0.40219.1
Project("{9A19103F-16F7-4668-BE54-9A1E7A4F7556}") = "Randomizer.Generator", "Randomizer.Generator\Randomizer.Generator.csproj", "{DF21E4B9-0E88-4B84-A1FA-B5AC4202927E}"
EndProject
Project("{9A19103F-16F7-4668-BE54-9A1E7A4F7556}") = "Randomizer.Generator.Test", "Randomizer.Generator.Test\Randomizer.Generator.Test.csproj", "{E6AD6045-C8EB-44E1-A077-8D9B7EB76689}"
EndProject
Project("{9A19103F-16F7-4668-BE54-9A1E7A4F7556}") = "Randomizer.Generator.CmdLine", "Randomizer.Generator.CmdLine\Randomizer.Generator.CmdLine.csproj", "{05526CDF-3328-47CB-9BD2-339FDEB42698}"
EndProject
Project("{2150E333-8FDC-42A3-9474-1A3956D46DE8}") = "Solution Items", "Solution Items", "{1D7F3FA7-5F35-4231-AF30-E27A53CC3E39}"
	ProjectSection(SolutionItems) = preProject
		.editorconfig = .editorconfig
		License.md = License.md
		postbuild.ps1 = postbuild.ps1
		README.md = README.md
	EndProjectSection
EndProject
Project("{9A19103F-16F7-4668-BE54-9A1E7A4F7556}") = "Randomizer.Generator.UI.Terminal", "Randomizer.Generator.UI.Terminal\Randomizer.Generator.UI.Terminal.csproj", "{39AB0551-D656-43D7-80D7-91AD7A87B0BE}"
EndProject
Project("{9A19103F-16F7-4668-BE54-9A1E7A4F7556}") = "Randomizer.Generator.DefinitionConverter", "Randomizer.Generator.DefinitionConverter\Randomizer.Generator.DefinitionConverter.csproj", "{CBF6A7FD-81B5-4BA6-8454-8AF6F9245171}"
EndProject
Project("{2150E333-8FDC-42A3-9474-1A3956D46DE8}") = "NSIS", "NSIS", "{BAB97826-EEEC-4C45-88E9-6EDCA7B8C0FF}"
	ProjectSection(SolutionItems) = preProject
		Installer\Randomizer.Generator.nsi = Installer\Randomizer.Generator.nsi
	EndProjectSection
EndProject
Project("{9A19103F-16F7-4668-BE54-9A1E7A4F7556}") = "Randomizer.Generator.Converter", "Randomizer.Generator.Converter\Randomizer.Generator.Converter.csproj", "{64D77674-13C9-410A-A4F8-2227E188F565}"
EndProject
Project("{9A19103F-16F7-4668-BE54-9A1E7A4F7556}") = "Randomizer.Generator.MVC.Core", "Randomizer.Generator.MVC.Core\Randomizer.Generator.MVC.Core.csproj", "{FA3E366A-3A38-417E-A902-E7F19801C4C1}"
EndProject
Project("{9A19103F-16F7-4668-BE54-9A1E7A4F7556}") = "LB.Utility", "..\LB.Utility\LB.Utility.csproj", "{8312741B-DEA0-4A37-9063-91650F9C1F0F}"
EndProject
Project("{9A19103F-16F7-4668-BE54-9A1E7A4F7556}") = "Randomizer.Generator.Win", "Randomizer.Generator.Win\Randomizer.Generator.Win.csproj", "{8DBE407E-6C09-41AF-A7D1-8D4AC20FBEC8}"
EndProject
Global
	GlobalSection(SolutionConfigurationPlatforms) = preSolution
		Beta|Any CPU = Beta|Any CPU
		Beta|ARM = Beta|ARM
		Beta|iPhone = Beta|iPhone
		Beta|iPhoneSimulator = Beta|iPhoneSimulator
		Beta|x64 = Beta|x64
		Beta|x86 = Beta|x86
		Debug|Any CPU = Debug|Any CPU
		Debug|ARM = Debug|ARM
		Debug|iPhone = Debug|iPhone
		Debug|iPhoneSimulator = Debug|iPhoneSimulator
		Debug|x64 = Debug|x64
		Debug|x86 = Debug|x86
		Release|Any CPU = Release|Any CPU
		Release|ARM = Release|ARM
		Release|iPhone = Release|iPhone
		Release|iPhoneSimulator = Release|iPhoneSimulator
		Release|x64 = Release|x64
		Release|x86 = Release|x86
	EndGlobalSection
	GlobalSection(ProjectConfigurationPlatforms) = postSolution
		{DF21E4B9-0E88-4B84-A1FA-B5AC4202927E}.Beta|Any CPU.ActiveCfg = Beta|Any CPU
		{DF21E4B9-0E88-4B84-A1FA-B5AC4202927E}.Beta|Any CPU.Build.0 = Beta|Any CPU
		{DF21E4B9-0E88-4B84-A1FA-B5AC4202927E}.Beta|ARM.ActiveCfg = Beta|Any CPU
		{DF21E4B9-0E88-4B84-A1FA-B5AC4202927E}.Beta|ARM.Build.0 = Beta|Any CPU
		{DF21E4B9-0E88-4B84-A1FA-B5AC4202927E}.Beta|iPhone.ActiveCfg = Beta|Any CPU
		{DF21E4B9-0E88-4B84-A1FA-B5AC4202927E}.Beta|iPhone.Build.0 = Beta|Any CPU
		{DF21E4B9-0E88-4B84-A1FA-B5AC4202927E}.Beta|iPhoneSimulator.ActiveCfg = Beta|Any CPU
		{DF21E4B9-0E88-4B84-A1FA-B5AC4202927E}.Beta|iPhoneSimulator.Build.0 = Beta|Any CPU
		{DF21E4B9-0E88-4B84-A1FA-B5AC4202927E}.Beta|x64.ActiveCfg = Beta|Any CPU
		{DF21E4B9-0E88-4B84-A1FA-B5AC4202927E}.Beta|x64.Build.0 = Beta|Any CPU
		{DF21E4B9-0E88-4B84-A1FA-B5AC4202927E}.Beta|x86.ActiveCfg = Beta|Any CPU
		{DF21E4B9-0E88-4B84-A1FA-B5AC4202927E}.Beta|x86.Build.0 = Beta|Any CPU
		{DF21E4B9-0E88-4B84-A1FA-B5AC4202927E}.Debug|Any CPU.ActiveCfg = Debug|Any CPU
		{DF21E4B9-0E88-4B84-A1FA-B5AC4202927E}.Debug|Any CPU.Build.0 = Debug|Any CPU
		{DF21E4B9-0E88-4B84-A1FA-B5AC4202927E}.Debug|ARM.ActiveCfg = Debug|Any CPU
		{DF21E4B9-0E88-4B84-A1FA-B5AC4202927E}.Debug|ARM.Build.0 = Debug|Any CPU
		{DF21E4B9-0E88-4B84-A1FA-B5AC4202927E}.Debug|iPhone.ActiveCfg = Debug|Any CPU
		{DF21E4B9-0E88-4B84-A1FA-B5AC4202927E}.Debug|iPhone.Build.0 = Debug|Any CPU
		{DF21E4B9-0E88-4B84-A1FA-B5AC4202927E}.Debug|iPhoneSimulator.ActiveCfg = Debug|Any CPU
		{DF21E4B9-0E88-4B84-A1FA-B5AC4202927E}.Debug|iPhoneSimulator.Build.0 = Debug|Any CPU
		{DF21E4B9-0E88-4B84-A1FA-B5AC4202927E}.Debug|x64.ActiveCfg = Debug|Any CPU
		{DF21E4B9-0E88-4B84-A1FA-B5AC4202927E}.Debug|x64.Build.0 = Debug|Any CPU
		{DF21E4B9-0E88-4B84-A1FA-B5AC4202927E}.Debug|x86.ActiveCfg = Debug|Any CPU
		{DF21E4B9-0E88-4B84-A1FA-B5AC4202927E}.Debug|x86.Build.0 = Debug|Any CPU
		{DF21E4B9-0E88-4B84-A1FA-B5AC4202927E}.Release|Any CPU.ActiveCfg = Release|Any CPU
		{DF21E4B9-0E88-4B84-A1FA-B5AC4202927E}.Release|Any CPU.Build.0 = Release|Any CPU
		{DF21E4B9-0E88-4B84-A1FA-B5AC4202927E}.Release|ARM.ActiveCfg = Release|Any CPU
		{DF21E4B9-0E88-4B84-A1FA-B5AC4202927E}.Release|ARM.Build.0 = Release|Any CPU
		{DF21E4B9-0E88-4B84-A1FA-B5AC4202927E}.Release|iPhone.ActiveCfg = Release|Any CPU
		{DF21E4B9-0E88-4B84-A1FA-B5AC4202927E}.Release|iPhone.Build.0 = Release|Any CPU
		{DF21E4B9-0E88-4B84-A1FA-B5AC4202927E}.Release|iPhoneSimulator.ActiveCfg = Release|Any CPU
		{DF21E4B9-0E88-4B84-A1FA-B5AC4202927E}.Release|iPhoneSimulator.Build.0 = Release|Any CPU
		{DF21E4B9-0E88-4B84-A1FA-B5AC4202927E}.Release|x64.ActiveCfg = Release|Any CPU
		{DF21E4B9-0E88-4B84-A1FA-B5AC4202927E}.Release|x64.Build.0 = Release|Any CPU
		{DF21E4B9-0E88-4B84-A1FA-B5AC4202927E}.Release|x86.ActiveCfg = Release|Any CPU
		{DF21E4B9-0E88-4B84-A1FA-B5AC4202927E}.Release|x86.Build.0 = Release|Any CPU
		{E6AD6045-C8EB-44E1-A077-8D9B7EB76689}.Beta|Any CPU.ActiveCfg = Beta|Any CPU
		{E6AD6045-C8EB-44E1-A077-8D9B7EB76689}.Beta|Any CPU.Build.0 = Beta|Any CPU
		{E6AD6045-C8EB-44E1-A077-8D9B7EB76689}.Beta|ARM.ActiveCfg = Beta|Any CPU
		{E6AD6045-C8EB-44E1-A077-8D9B7EB76689}.Beta|ARM.Build.0 = Beta|Any CPU
		{E6AD6045-C8EB-44E1-A077-8D9B7EB76689}.Beta|iPhone.ActiveCfg = Beta|Any CPU
		{E6AD6045-C8EB-44E1-A077-8D9B7EB76689}.Beta|iPhone.Build.0 = Beta|Any CPU
		{E6AD6045-C8EB-44E1-A077-8D9B7EB76689}.Beta|iPhoneSimulator.ActiveCfg = Beta|Any CPU
		{E6AD6045-C8EB-44E1-A077-8D9B7EB76689}.Beta|iPhoneSimulator.Build.0 = Beta|Any CPU
		{E6AD6045-C8EB-44E1-A077-8D9B7EB76689}.Beta|x64.ActiveCfg = Beta|Any CPU
		{E6AD6045-C8EB-44E1-A077-8D9B7EB76689}.Beta|x64.Build.0 = Beta|Any CPU
		{E6AD6045-C8EB-44E1-A077-8D9B7EB76689}.Beta|x86.ActiveCfg = Beta|Any CPU
		{E6AD6045-C8EB-44E1-A077-8D9B7EB76689}.Beta|x86.Build.0 = Beta|Any CPU
		{E6AD6045-C8EB-44E1-A077-8D9B7EB76689}.Debug|Any CPU.ActiveCfg = Debug|Any CPU
		{E6AD6045-C8EB-44E1-A077-8D9B7EB76689}.Debug|Any CPU.Build.0 = Debug|Any CPU
		{E6AD6045-C8EB-44E1-A077-8D9B7EB76689}.Debug|ARM.ActiveCfg = Debug|Any CPU
		{E6AD6045-C8EB-44E1-A077-8D9B7EB76689}.Debug|ARM.Build.0 = Debug|Any CPU
		{E6AD6045-C8EB-44E1-A077-8D9B7EB76689}.Debug|iPhone.ActiveCfg = Debug|Any CPU
		{E6AD6045-C8EB-44E1-A077-8D9B7EB76689}.Debug|iPhone.Build.0 = Debug|Any CPU
		{E6AD6045-C8EB-44E1-A077-8D9B7EB76689}.Debug|iPhoneSimulator.ActiveCfg = Debug|Any CPU
		{E6AD6045-C8EB-44E1-A077-8D9B7EB76689}.Debug|iPhoneSimulator.Build.0 = Debug|Any CPU
		{E6AD6045-C8EB-44E1-A077-8D9B7EB76689}.Debug|x64.ActiveCfg = Debug|Any CPU
		{E6AD6045-C8EB-44E1-A077-8D9B7EB76689}.Debug|x64.Build.0 = Debug|Any CPU
		{E6AD6045-C8EB-44E1-A077-8D9B7EB76689}.Debug|x86.ActiveCfg = Debug|Any CPU
		{E6AD6045-C8EB-44E1-A077-8D9B7EB76689}.Debug|x86.Build.0 = Debug|Any CPU
		{E6AD6045-C8EB-44E1-A077-8D9B7EB76689}.Release|Any CPU.ActiveCfg = Release|Any CPU
		{E6AD6045-C8EB-44E1-A077-8D9B7EB76689}.Release|Any CPU.Build.0 = Release|Any CPU
		{E6AD6045-C8EB-44E1-A077-8D9B7EB76689}.Release|ARM.ActiveCfg = Release|Any CPU
		{E6AD6045-C8EB-44E1-A077-8D9B7EB76689}.Release|ARM.Build.0 = Release|Any CPU
		{E6AD6045-C8EB-44E1-A077-8D9B7EB76689}.Release|iPhone.ActiveCfg = Release|Any CPU
		{E6AD6045-C8EB-44E1-A077-8D9B7EB76689}.Release|iPhone.Build.0 = Release|Any CPU
		{E6AD6045-C8EB-44E1-A077-8D9B7EB76689}.Release|iPhoneSimulator.ActiveCfg = Release|Any CPU
		{E6AD6045-C8EB-44E1-A077-8D9B7EB76689}.Release|iPhoneSimulator.Build.0 = Release|Any CPU
		{E6AD6045-C8EB-44E1-A077-8D9B7EB76689}.Release|x64.ActiveCfg = Release|Any CPU
		{E6AD6045-C8EB-44E1-A077-8D9B7EB76689}.Release|x64.Build.0 = Release|Any CPU
		{E6AD6045-C8EB-44E1-A077-8D9B7EB76689}.Release|x86.ActiveCfg = Release|Any CPU
		{E6AD6045-C8EB-44E1-A077-8D9B7EB76689}.Release|x86.Build.0 = Release|Any CPU
		{05526CDF-3328-47CB-9BD2-339FDEB42698}.Beta|Any CPU.ActiveCfg = Beta|Any CPU
		{05526CDF-3328-47CB-9BD2-339FDEB42698}.Beta|Any CPU.Build.0 = Beta|Any CPU
		{05526CDF-3328-47CB-9BD2-339FDEB42698}.Beta|ARM.ActiveCfg = Beta|Any CPU
		{05526CDF-3328-47CB-9BD2-339FDEB42698}.Beta|ARM.Build.0 = Beta|Any CPU
		{05526CDF-3328-47CB-9BD2-339FDEB42698}.Beta|iPhone.ActiveCfg = Beta|Any CPU
		{05526CDF-3328-47CB-9BD2-339FDEB42698}.Beta|iPhone.Build.0 = Beta|Any CPU
		{05526CDF-3328-47CB-9BD2-339FDEB42698}.Beta|iPhoneSimulator.ActiveCfg = Beta|Any CPU
		{05526CDF-3328-47CB-9BD2-339FDEB42698}.Beta|iPhoneSimulator.Build.0 = Beta|Any CPU
		{05526CDF-3328-47CB-9BD2-339FDEB42698}.Beta|x64.ActiveCfg = Beta|Any CPU
		{05526CDF-3328-47CB-9BD2-339FDEB42698}.Beta|x64.Build.0 = Beta|Any CPU
		{05526CDF-3328-47CB-9BD2-339FDEB42698}.Beta|x86.ActiveCfg = Beta|Any CPU
		{05526CDF-3328-47CB-9BD2-339FDEB42698}.Beta|x86.Build.0 = Beta|Any CPU
		{05526CDF-3328-47CB-9BD2-339FDEB42698}.Debug|Any CPU.ActiveCfg = Debug|Any CPU
		{05526CDF-3328-47CB-9BD2-339FDEB42698}.Debug|Any CPU.Build.0 = Debug|Any CPU
		{05526CDF-3328-47CB-9BD2-339FDEB42698}.Debug|ARM.ActiveCfg = Debug|Any CPU
		{05526CDF-3328-47CB-9BD2-339FDEB42698}.Debug|ARM.Build.0 = Debug|Any CPU
		{05526CDF-3328-47CB-9BD2-339FDEB42698}.Debug|iPhone.ActiveCfg = Debug|Any CPU
		{05526CDF-3328-47CB-9BD2-339FDEB42698}.Debug|iPhone.Build.0 = Debug|Any CPU
		{05526CDF-3328-47CB-9BD2-339FDEB42698}.Debug|iPhoneSimulator.ActiveCfg = Debug|Any CPU
		{05526CDF-3328-47CB-9BD2-339FDEB42698}.Debug|iPhoneSimulator.Build.0 = Debug|Any CPU
		{05526CDF-3328-47CB-9BD2-339FDEB42698}.Debug|x64.ActiveCfg = Debug|Any CPU
		{05526CDF-3328-47CB-9BD2-339FDEB42698}.Debug|x64.Build.0 = Debug|Any CPU
		{05526CDF-3328-47CB-9BD2-339FDEB42698}.Debug|x86.ActiveCfg = Debug|Any CPU
		{05526CDF-3328-47CB-9BD2-339FDEB42698}.Debug|x86.Build.0 = Debug|Any CPU
		{05526CDF-3328-47CB-9BD2-339FDEB42698}.Release|Any CPU.ActiveCfg = Release|Any CPU
		{05526CDF-3328-47CB-9BD2-339FDEB42698}.Release|Any CPU.Build.0 = Release|Any CPU
		{05526CDF-3328-47CB-9BD2-339FDEB42698}.Release|ARM.ActiveCfg = Release|Any CPU
		{05526CDF-3328-47CB-9BD2-339FDEB42698}.Release|ARM.Build.0 = Release|Any CPU
		{05526CDF-3328-47CB-9BD2-339FDEB42698}.Release|iPhone.ActiveCfg = Release|Any CPU
		{05526CDF-3328-47CB-9BD2-339FDEB42698}.Release|iPhone.Build.0 = Release|Any CPU
		{05526CDF-3328-47CB-9BD2-339FDEB42698}.Release|iPhoneSimulator.ActiveCfg = Release|Any CPU
		{05526CDF-3328-47CB-9BD2-339FDEB42698}.Release|iPhoneSimulator.Build.0 = Release|Any CPU
		{05526CDF-3328-47CB-9BD2-339FDEB42698}.Release|x64.ActiveCfg = Release|Any CPU
		{05526CDF-3328-47CB-9BD2-339FDEB42698}.Release|x64.Build.0 = Release|Any CPU
		{05526CDF-3328-47CB-9BD2-339FDEB42698}.Release|x86.ActiveCfg = Release|Any CPU
		{05526CDF-3328-47CB-9BD2-339FDEB42698}.Release|x86.Build.0 = Release|Any CPU
		{39AB0551-D656-43D7-80D7-91AD7A87B0BE}.Beta|Any CPU.ActiveCfg = Beta|Any CPU
		{39AB0551-D656-43D7-80D7-91AD7A87B0BE}.Beta|Any CPU.Build.0 = Beta|Any CPU
		{39AB0551-D656-43D7-80D7-91AD7A87B0BE}.Beta|ARM.ActiveCfg = Beta|Any CPU
		{39AB0551-D656-43D7-80D7-91AD7A87B0BE}.Beta|ARM.Build.0 = Beta|Any CPU
		{39AB0551-D656-43D7-80D7-91AD7A87B0BE}.Beta|iPhone.ActiveCfg = Beta|Any CPU
		{39AB0551-D656-43D7-80D7-91AD7A87B0BE}.Beta|iPhone.Build.0 = Beta|Any CPU
		{39AB0551-D656-43D7-80D7-91AD7A87B0BE}.Beta|iPhoneSimulator.ActiveCfg = Beta|Any CPU
		{39AB0551-D656-43D7-80D7-91AD7A87B0BE}.Beta|iPhoneSimulator.Build.0 = Beta|Any CPU
		{39AB0551-D656-43D7-80D7-91AD7A87B0BE}.Beta|x64.ActiveCfg = Beta|Any CPU
		{39AB0551-D656-43D7-80D7-91AD7A87B0BE}.Beta|x64.Build.0 = Beta|Any CPU
		{39AB0551-D656-43D7-80D7-91AD7A87B0BE}.Beta|x86.ActiveCfg = Beta|Any CPU
		{39AB0551-D656-43D7-80D7-91AD7A87B0BE}.Beta|x86.Build.0 = Beta|Any CPU
		{39AB0551-D656-43D7-80D7-91AD7A87B0BE}.Debug|Any CPU.ActiveCfg = Debug|Any CPU
		{39AB0551-D656-43D7-80D7-91AD7A87B0BE}.Debug|Any CPU.Build.0 = Debug|Any CPU
		{39AB0551-D656-43D7-80D7-91AD7A87B0BE}.Debug|ARM.ActiveCfg = Debug|Any CPU
		{39AB0551-D656-43D7-80D7-91AD7A87B0BE}.Debug|ARM.Build.0 = Debug|Any CPU
		{39AB0551-D656-43D7-80D7-91AD7A87B0BE}.Debug|iPhone.ActiveCfg = Debug|Any CPU
		{39AB0551-D656-43D7-80D7-91AD7A87B0BE}.Debug|iPhone.Build.0 = Debug|Any CPU
		{39AB0551-D656-43D7-80D7-91AD7A87B0BE}.Debug|iPhoneSimulator.ActiveCfg = Debug|Any CPU
		{39AB0551-D656-43D7-80D7-91AD7A87B0BE}.Debug|iPhoneSimulator.Build.0 = Debug|Any CPU
		{39AB0551-D656-43D7-80D7-91AD7A87B0BE}.Debug|x64.ActiveCfg = Debug|Any CPU
		{39AB0551-D656-43D7-80D7-91AD7A87B0BE}.Debug|x64.Build.0 = Debug|Any CPU
		{39AB0551-D656-43D7-80D7-91AD7A87B0BE}.Debug|x86.ActiveCfg = Debug|Any CPU
		{39AB0551-D656-43D7-80D7-91AD7A87B0BE}.Debug|x86.Build.0 = Debug|Any CPU
		{39AB0551-D656-43D7-80D7-91AD7A87B0BE}.Release|Any CPU.ActiveCfg = Release|Any CPU
		{39AB0551-D656-43D7-80D7-91AD7A87B0BE}.Release|Any CPU.Build.0 = Release|Any CPU
		{39AB0551-D656-43D7-80D7-91AD7A87B0BE}.Release|ARM.ActiveCfg = Release|Any CPU
		{39AB0551-D656-43D7-80D7-91AD7A87B0BE}.Release|ARM.Build.0 = Release|Any CPU
		{39AB0551-D656-43D7-80D7-91AD7A87B0BE}.Release|iPhone.ActiveCfg = Release|Any CPU
		{39AB0551-D656-43D7-80D7-91AD7A87B0BE}.Release|iPhone.Build.0 = Release|Any CPU
		{39AB0551-D656-43D7-80D7-91AD7A87B0BE}.Release|iPhoneSimulator.ActiveCfg = Release|Any CPU
		{39AB0551-D656-43D7-80D7-91AD7A87B0BE}.Release|iPhoneSimulator.Build.0 = Release|Any CPU
		{39AB0551-D656-43D7-80D7-91AD7A87B0BE}.Release|x64.ActiveCfg = Release|Any CPU
		{39AB0551-D656-43D7-80D7-91AD7A87B0BE}.Release|x64.Build.0 = Release|Any CPU
		{39AB0551-D656-43D7-80D7-91AD7A87B0BE}.Release|x86.ActiveCfg = Release|Any CPU
		{39AB0551-D656-43D7-80D7-91AD7A87B0BE}.Release|x86.Build.0 = Release|Any CPU
		{CBF6A7FD-81B5-4BA6-8454-8AF6F9245171}.Beta|Any CPU.ActiveCfg = Debug|Any CPU
		{CBF6A7FD-81B5-4BA6-8454-8AF6F9245171}.Beta|Any CPU.Build.0 = Debug|Any CPU
		{CBF6A7FD-81B5-4BA6-8454-8AF6F9245171}.Beta|ARM.ActiveCfg = Debug|Any CPU
		{CBF6A7FD-81B5-4BA6-8454-8AF6F9245171}.Beta|ARM.Build.0 = Debug|Any CPU
		{CBF6A7FD-81B5-4BA6-8454-8AF6F9245171}.Beta|iPhone.ActiveCfg = Debug|Any CPU
		{CBF6A7FD-81B5-4BA6-8454-8AF6F9245171}.Beta|iPhone.Build.0 = Debug|Any CPU
		{CBF6A7FD-81B5-4BA6-8454-8AF6F9245171}.Beta|iPhoneSimulator.ActiveCfg = Debug|Any CPU
		{CBF6A7FD-81B5-4BA6-8454-8AF6F9245171}.Beta|iPhoneSimulator.Build.0 = Debug|Any CPU
		{CBF6A7FD-81B5-4BA6-8454-8AF6F9245171}.Beta|x64.ActiveCfg = Debug|Any CPU
		{CBF6A7FD-81B5-4BA6-8454-8AF6F9245171}.Beta|x64.Build.0 = Debug|Any CPU
		{CBF6A7FD-81B5-4BA6-8454-8AF6F9245171}.Beta|x86.ActiveCfg = Debug|Any CPU
		{CBF6A7FD-81B5-4BA6-8454-8AF6F9245171}.Beta|x86.Build.0 = Debug|Any CPU
		{CBF6A7FD-81B5-4BA6-8454-8AF6F9245171}.Debug|Any CPU.ActiveCfg = Debug|Any CPU
		{CBF6A7FD-81B5-4BA6-8454-8AF6F9245171}.Debug|Any CPU.Build.0 = Debug|Any CPU
		{CBF6A7FD-81B5-4BA6-8454-8AF6F9245171}.Debug|ARM.ActiveCfg = Debug|Any CPU
		{CBF6A7FD-81B5-4BA6-8454-8AF6F9245171}.Debug|ARM.Build.0 = Debug|Any CPU
		{CBF6A7FD-81B5-4BA6-8454-8AF6F9245171}.Debug|iPhone.ActiveCfg = Debug|Any CPU
		{CBF6A7FD-81B5-4BA6-8454-8AF6F9245171}.Debug|iPhone.Build.0 = Debug|Any CPU
		{CBF6A7FD-81B5-4BA6-8454-8AF6F9245171}.Debug|iPhoneSimulator.ActiveCfg = Debug|Any CPU
		{CBF6A7FD-81B5-4BA6-8454-8AF6F9245171}.Debug|iPhoneSimulator.Build.0 = Debug|Any CPU
		{CBF6A7FD-81B5-4BA6-8454-8AF6F9245171}.Debug|x64.ActiveCfg = Debug|Any CPU
		{CBF6A7FD-81B5-4BA6-8454-8AF6F9245171}.Debug|x64.Build.0 = Debug|Any CPU
		{CBF6A7FD-81B5-4BA6-8454-8AF6F9245171}.Debug|x86.ActiveCfg = Debug|Any CPU
		{CBF6A7FD-81B5-4BA6-8454-8AF6F9245171}.Debug|x86.Build.0 = Debug|Any CPU
		{CBF6A7FD-81B5-4BA6-8454-8AF6F9245171}.Release|Any CPU.ActiveCfg = Release|Any CPU
		{CBF6A7FD-81B5-4BA6-8454-8AF6F9245171}.Release|Any CPU.Build.0 = Release|Any CPU
		{CBF6A7FD-81B5-4BA6-8454-8AF6F9245171}.Release|ARM.ActiveCfg = Release|Any CPU
		{CBF6A7FD-81B5-4BA6-8454-8AF6F9245171}.Release|ARM.Build.0 = Release|Any CPU
		{CBF6A7FD-81B5-4BA6-8454-8AF6F9245171}.Release|iPhone.ActiveCfg = Release|Any CPU
		{CBF6A7FD-81B5-4BA6-8454-8AF6F9245171}.Release|iPhone.Build.0 = Release|Any CPU
		{CBF6A7FD-81B5-4BA6-8454-8AF6F9245171}.Release|iPhoneSimulator.ActiveCfg = Release|Any CPU
		{CBF6A7FD-81B5-4BA6-8454-8AF6F9245171}.Release|iPhoneSimulator.Build.0 = Release|Any CPU
		{CBF6A7FD-81B5-4BA6-8454-8AF6F9245171}.Release|x64.ActiveCfg = Release|Any CPU
		{CBF6A7FD-81B5-4BA6-8454-8AF6F9245171}.Release|x64.Build.0 = Release|Any CPU
		{CBF6A7FD-81B5-4BA6-8454-8AF6F9245171}.Release|x86.ActiveCfg = Release|Any CPU
		{CBF6A7FD-81B5-4BA6-8454-8AF6F9245171}.Release|x86.Build.0 = Release|Any CPU
		{64D77674-13C9-410A-A4F8-2227E188F565}.Beta|Any CPU.ActiveCfg = Debug|Any CPU
		{64D77674-13C9-410A-A4F8-2227E188F565}.Beta|Any CPU.Build.0 = Debug|Any CPU
		{64D77674-13C9-410A-A4F8-2227E188F565}.Beta|ARM.ActiveCfg = Debug|Any CPU
		{64D77674-13C9-410A-A4F8-2227E188F565}.Beta|ARM.Build.0 = Debug|Any CPU
		{64D77674-13C9-410A-A4F8-2227E188F565}.Beta|iPhone.ActiveCfg = Debug|Any CPU
		{64D77674-13C9-410A-A4F8-2227E188F565}.Beta|iPhone.Build.0 = Debug|Any CPU
		{64D77674-13C9-410A-A4F8-2227E188F565}.Beta|iPhoneSimulator.ActiveCfg = Debug|Any CPU
		{64D77674-13C9-410A-A4F8-2227E188F565}.Beta|iPhoneSimulator.Build.0 = Debug|Any CPU
		{64D77674-13C9-410A-A4F8-2227E188F565}.Beta|x64.ActiveCfg = Debug|Any CPU
		{64D77674-13C9-410A-A4F8-2227E188F565}.Beta|x64.Build.0 = Debug|Any CPU
		{64D77674-13C9-410A-A4F8-2227E188F565}.Beta|x86.ActiveCfg = Debug|Any CPU
		{64D77674-13C9-410A-A4F8-2227E188F565}.Beta|x86.Build.0 = Debug|Any CPU
		{64D77674-13C9-410A-A4F8-2227E188F565}.Debug|Any CPU.ActiveCfg = Debug|Any CPU
		{64D77674-13C9-410A-A4F8-2227E188F565}.Debug|Any CPU.Build.0 = Debug|Any CPU
		{64D77674-13C9-410A-A4F8-2227E188F565}.Debug|ARM.ActiveCfg = Debug|Any CPU
		{64D77674-13C9-410A-A4F8-2227E188F565}.Debug|ARM.Build.0 = Debug|Any CPU
		{64D77674-13C9-410A-A4F8-2227E188F565}.Debug|iPhone.ActiveCfg = Debug|Any CPU
		{64D77674-13C9-410A-A4F8-2227E188F565}.Debug|iPhone.Build.0 = Debug|Any CPU
		{64D77674-13C9-410A-A4F8-2227E188F565}.Debug|iPhoneSimulator.ActiveCfg = Debug|Any CPU
		{64D77674-13C9-410A-A4F8-2227E188F565}.Debug|iPhoneSimulator.Build.0 = Debug|Any CPU
		{64D77674-13C9-410A-A4F8-2227E188F565}.Debug|x64.ActiveCfg = Debug|Any CPU
		{64D77674-13C9-410A-A4F8-2227E188F565}.Debug|x64.Build.0 = Debug|Any CPU
		{64D77674-13C9-410A-A4F8-2227E188F565}.Debug|x86.ActiveCfg = Debug|Any CPU
		{64D77674-13C9-410A-A4F8-2227E188F565}.Debug|x86.Build.0 = Debug|Any CPU
		{64D77674-13C9-410A-A4F8-2227E188F565}.Release|Any CPU.ActiveCfg = Release|Any CPU
		{64D77674-13C9-410A-A4F8-2227E188F565}.Release|Any CPU.Build.0 = Release|Any CPU
		{64D77674-13C9-410A-A4F8-2227E188F565}.Release|ARM.ActiveCfg = Release|Any CPU
		{64D77674-13C9-410A-A4F8-2227E188F565}.Release|ARM.Build.0 = Release|Any CPU
		{64D77674-13C9-410A-A4F8-2227E188F565}.Release|iPhone.ActiveCfg = Release|Any CPU
		{64D77674-13C9-410A-A4F8-2227E188F565}.Release|iPhone.Build.0 = Release|Any CPU
		{64D77674-13C9-410A-A4F8-2227E188F565}.Release|iPhoneSimulator.ActiveCfg = Release|Any CPU
		{64D77674-13C9-410A-A4F8-2227E188F565}.Release|iPhoneSimulator.Build.0 = Release|Any CPU
		{64D77674-13C9-410A-A4F8-2227E188F565}.Release|x64.ActiveCfg = Release|Any CPU
		{64D77674-13C9-410A-A4F8-2227E188F565}.Release|x64.Build.0 = Release|Any CPU
		{64D77674-13C9-410A-A4F8-2227E188F565}.Release|x86.ActiveCfg = Release|Any CPU
		{64D77674-13C9-410A-A4F8-2227E188F565}.Release|x86.Build.0 = Release|Any CPU
		{FA3E366A-3A38-417E-A902-E7F19801C4C1}.Beta|Any CPU.ActiveCfg = Debug|Any CPU
		{FA3E366A-3A38-417E-A902-E7F19801C4C1}.Beta|Any CPU.Build.0 = Debug|Any CPU
		{FA3E366A-3A38-417E-A902-E7F19801C4C1}.Beta|ARM.ActiveCfg = Debug|Any CPU
		{FA3E366A-3A38-417E-A902-E7F19801C4C1}.Beta|ARM.Build.0 = Debug|Any CPU
		{FA3E366A-3A38-417E-A902-E7F19801C4C1}.Beta|iPhone.ActiveCfg = Debug|Any CPU
		{FA3E366A-3A38-417E-A902-E7F19801C4C1}.Beta|iPhone.Build.0 = Debug|Any CPU
		{FA3E366A-3A38-417E-A902-E7F19801C4C1}.Beta|iPhoneSimulator.ActiveCfg = Debug|Any CPU
		{FA3E366A-3A38-417E-A902-E7F19801C4C1}.Beta|iPhoneSimulator.Build.0 = Debug|Any CPU
		{FA3E366A-3A38-417E-A902-E7F19801C4C1}.Beta|x64.ActiveCfg = Debug|Any CPU
		{FA3E366A-3A38-417E-A902-E7F19801C4C1}.Beta|x64.Build.0 = Debug|Any CPU
		{FA3E366A-3A38-417E-A902-E7F19801C4C1}.Beta|x86.ActiveCfg = Debug|Any CPU
		{FA3E366A-3A38-417E-A902-E7F19801C4C1}.Beta|x86.Build.0 = Debug|Any CPU
		{FA3E366A-3A38-417E-A902-E7F19801C4C1}.Debug|Any CPU.ActiveCfg = Debug|Any CPU
		{FA3E366A-3A38-417E-A902-E7F19801C4C1}.Debug|Any CPU.Build.0 = Debug|Any CPU
		{FA3E366A-3A38-417E-A902-E7F19801C4C1}.Debug|ARM.ActiveCfg = Debug|Any CPU
		{FA3E366A-3A38-417E-A902-E7F19801C4C1}.Debug|ARM.Build.0 = Debug|Any CPU
		{FA3E366A-3A38-417E-A902-E7F19801C4C1}.Debug|iPhone.ActiveCfg = Debug|Any CPU
		{FA3E366A-3A38-417E-A902-E7F19801C4C1}.Debug|iPhone.Build.0 = Debug|Any CPU
		{FA3E366A-3A38-417E-A902-E7F19801C4C1}.Debug|iPhoneSimulator.ActiveCfg = Debug|Any CPU
		{FA3E366A-3A38-417E-A902-E7F19801C4C1}.Debug|iPhoneSimulator.Build.0 = Debug|Any CPU
		{FA3E366A-3A38-417E-A902-E7F19801C4C1}.Debug|x64.ActiveCfg = Debug|Any CPU
		{FA3E366A-3A38-417E-A902-E7F19801C4C1}.Debug|x64.Build.0 = Debug|Any CPU
		{FA3E366A-3A38-417E-A902-E7F19801C4C1}.Debug|x86.ActiveCfg = Debug|Any CPU
		{FA3E366A-3A38-417E-A902-E7F19801C4C1}.Debug|x86.Build.0 = Debug|Any CPU
		{FA3E366A-3A38-417E-A902-E7F19801C4C1}.Release|Any CPU.ActiveCfg = Release|Any CPU
		{FA3E366A-3A38-417E-A902-E7F19801C4C1}.Release|Any CPU.Build.0 = Release|Any CPU
		{FA3E366A-3A38-417E-A902-E7F19801C4C1}.Release|ARM.ActiveCfg = Release|Any CPU
		{FA3E366A-3A38-417E-A902-E7F19801C4C1}.Release|ARM.Build.0 = Release|Any CPU
		{FA3E366A-3A38-417E-A902-E7F19801C4C1}.Release|iPhone.ActiveCfg = Release|Any CPU
		{FA3E366A-3A38-417E-A902-E7F19801C4C1}.Release|iPhone.Build.0 = Release|Any CPU
		{FA3E366A-3A38-417E-A902-E7F19801C4C1}.Release|iPhoneSimulator.ActiveCfg = Release|Any CPU
		{FA3E366A-3A38-417E-A902-E7F19801C4C1}.Release|iPhoneSimulator.Build.0 = Release|Any CPU
		{FA3E366A-3A38-417E-A902-E7F19801C4C1}.Release|x64.ActiveCfg = Release|Any CPU
		{FA3E366A-3A38-417E-A902-E7F19801C4C1}.Release|x64.Build.0 = Release|Any CPU
		{FA3E366A-3A38-417E-A902-E7F19801C4C1}.Release|x86.ActiveCfg = Release|Any CPU
		{FA3E366A-3A38-417E-A902-E7F19801C4C1}.Release|x86.Build.0 = Release|Any CPU
		{8312741B-DEA0-4A37-9063-91650F9C1F0F}.Beta|Any CPU.ActiveCfg = Debug|Any CPU
		{8312741B-DEA0-4A37-9063-91650F9C1F0F}.Beta|Any CPU.Build.0 = Debug|Any CPU
		{8312741B-DEA0-4A37-9063-91650F9C1F0F}.Beta|ARM.ActiveCfg = Debug|Any CPU
		{8312741B-DEA0-4A37-9063-91650F9C1F0F}.Beta|ARM.Build.0 = Debug|Any CPU
		{8312741B-DEA0-4A37-9063-91650F9C1F0F}.Beta|iPhone.ActiveCfg = Debug|Any CPU
		{8312741B-DEA0-4A37-9063-91650F9C1F0F}.Beta|iPhone.Build.0 = Debug|Any CPU
		{8312741B-DEA0-4A37-9063-91650F9C1F0F}.Beta|iPhoneSimulator.ActiveCfg = Debug|Any CPU
		{8312741B-DEA0-4A37-9063-91650F9C1F0F}.Beta|iPhoneSimulator.Build.0 = Debug|Any CPU
		{8312741B-DEA0-4A37-9063-91650F9C1F0F}.Beta|x64.ActiveCfg = Debug|Any CPU
		{8312741B-DEA0-4A37-9063-91650F9C1F0F}.Beta|x64.Build.0 = Debug|Any CPU
		{8312741B-DEA0-4A37-9063-91650F9C1F0F}.Beta|x86.ActiveCfg = Debug|Any CPU
		{8312741B-DEA0-4A37-9063-91650F9C1F0F}.Beta|x86.Build.0 = Debug|Any CPU
		{8312741B-DEA0-4A37-9063-91650F9C1F0F}.Debug|Any CPU.ActiveCfg = Debug|Any CPU
		{8312741B-DEA0-4A37-9063-91650F9C1F0F}.Debug|Any CPU.Build.0 = Debug|Any CPU
		{8312741B-DEA0-4A37-9063-91650F9C1F0F}.Debug|ARM.ActiveCfg = Debug|Any CPU
		{8312741B-DEA0-4A37-9063-91650F9C1F0F}.Debug|ARM.Build.0 = Debug|Any CPU
		{8312741B-DEA0-4A37-9063-91650F9C1F0F}.Debug|iPhone.ActiveCfg = Debug|Any CPU
		{8312741B-DEA0-4A37-9063-91650F9C1F0F}.Debug|iPhone.Build.0 = Debug|Any CPU
		{8312741B-DEA0-4A37-9063-91650F9C1F0F}.Debug|iPhoneSimulator.ActiveCfg = Debug|Any CPU
		{8312741B-DEA0-4A37-9063-91650F9C1F0F}.Debug|iPhoneSimulator.Build.0 = Debug|Any CPU
		{8312741B-DEA0-4A37-9063-91650F9C1F0F}.Debug|x64.ActiveCfg = Debug|Any CPU
		{8312741B-DEA0-4A37-9063-91650F9C1F0F}.Debug|x64.Build.0 = Debug|Any CPU
		{8312741B-DEA0-4A37-9063-91650F9C1F0F}.Debug|x86.ActiveCfg = Debug|Any CPU
		{8312741B-DEA0-4A37-9063-91650F9C1F0F}.Debug|x86.Build.0 = Debug|Any CPU
		{8312741B-DEA0-4A37-9063-91650F9C1F0F}.Release|Any CPU.ActiveCfg = Release|Any CPU
		{8312741B-DEA0-4A37-9063-91650F9C1F0F}.Release|Any CPU.Build.0 = Release|Any CPU
		{8312741B-DEA0-4A37-9063-91650F9C1F0F}.Release|ARM.ActiveCfg = Release|Any CPU
		{8312741B-DEA0-4A37-9063-91650F9C1F0F}.Release|ARM.Build.0 = Release|Any CPU
		{8312741B-DEA0-4A37-9063-91650F9C1F0F}.Release|iPhone.ActiveCfg = Release|Any CPU
		{8312741B-DEA0-4A37-9063-91650F9C1F0F}.Release|iPhone.Build.0 = Release|Any CPU
		{8312741B-DEA0-4A37-9063-91650F9C1F0F}.Release|iPhoneSimulator.ActiveCfg = Release|Any CPU
		{8312741B-DEA0-4A37-9063-91650F9C1F0F}.Release|iPhoneSimulator.Build.0 = Release|Any CPU
		{8312741B-DEA0-4A37-9063-91650F9C1F0F}.Release|x64.ActiveCfg = Release|Any CPU
		{8312741B-DEA0-4A37-9063-91650F9C1F0F}.Release|x64.Build.0 = Release|Any CPU
		{8312741B-DEA0-4A37-9063-91650F9C1F0F}.Release|x86.ActiveCfg = Release|Any CPU
		{8312741B-DEA0-4A37-9063-91650F9C1F0F}.Release|x86.Build.0 = Release|Any CPU
		{8DBE407E-6C09-41AF-A7D1-8D4AC20FBEC8}.Beta|Any CPU.ActiveCfg = Debug|Any CPU
		{8DBE407E-6C09-41AF-A7D1-8D4AC20FBEC8}.Beta|Any CPU.Build.0 = Debug|Any CPU
		{8DBE407E-6C09-41AF-A7D1-8D4AC20FBEC8}.Beta|ARM.ActiveCfg = Debug|Any CPU
		{8DBE407E-6C09-41AF-A7D1-8D4AC20FBEC8}.Beta|ARM.Build.0 = Debug|Any CPU
		{8DBE407E-6C09-41AF-A7D1-8D4AC20FBEC8}.Beta|iPhone.ActiveCfg = Debug|Any CPU
		{8DBE407E-6C09-41AF-A7D1-8D4AC20FBEC8}.Beta|iPhone.Build.0 = Debug|Any CPU
		{8DBE407E-6C09-41AF-A7D1-8D4AC20FBEC8}.Beta|iPhoneSimulator.ActiveCfg = Debug|Any CPU
		{8DBE407E-6C09-41AF-A7D1-8D4AC20FBEC8}.Beta|iPhoneSimulator.Build.0 = Debug|Any CPU
		{8DBE407E-6C09-41AF-A7D1-8D4AC20FBEC8}.Beta|x64.ActiveCfg = Debug|Any CPU
		{8DBE407E-6C09-41AF-A7D1-8D4AC20FBEC8}.Beta|x64.Build.0 = Debug|Any CPU
		{8DBE407E-6C09-41AF-A7D1-8D4AC20FBEC8}.Beta|x86.ActiveCfg = Debug|Any CPU
		{8DBE407E-6C09-41AF-A7D1-8D4AC20FBEC8}.Beta|x86.Build.0 = Debug|Any CPU
		{8DBE407E-6C09-41AF-A7D1-8D4AC20FBEC8}.Debug|Any CPU.ActiveCfg = Debug|Any CPU
		{8DBE407E-6C09-41AF-A7D1-8D4AC20FBEC8}.Debug|Any CPU.Build.0 = Debug|Any CPU
		{8DBE407E-6C09-41AF-A7D1-8D4AC20FBEC8}.Debug|ARM.ActiveCfg = Debug|Any CPU
		{8DBE407E-6C09-41AF-A7D1-8D4AC20FBEC8}.Debug|ARM.Build.0 = Debug|Any CPU
		{8DBE407E-6C09-41AF-A7D1-8D4AC20FBEC8}.Debug|iPhone.ActiveCfg = Debug|Any CPU
		{8DBE407E-6C09-41AF-A7D1-8D4AC20FBEC8}.Debug|iPhone.Build.0 = Debug|Any CPU
		{8DBE407E-6C09-41AF-A7D1-8D4AC20FBEC8}.Debug|iPhoneSimulator.ActiveCfg = Debug|Any CPU
		{8DBE407E-6C09-41AF-A7D1-8D4AC20FBEC8}.Debug|iPhoneSimulator.Build.0 = Debug|Any CPU
		{8DBE407E-6C09-41AF-A7D1-8D4AC20FBEC8}.Debug|x64.ActiveCfg = Debug|Any CPU
		{8DBE407E-6C09-41AF-A7D1-8D4AC20FBEC8}.Debug|x64.Build.0 = Debug|Any CPU
		{8DBE407E-6C09-41AF-A7D1-8D4AC20FBEC8}.Debug|x86.ActiveCfg = Debug|Any CPU
		{8DBE407E-6C09-41AF-A7D1-8D4AC20FBEC8}.Debug|x86.Build.0 = Debug|Any CPU
		{8DBE407E-6C09-41AF-A7D1-8D4AC20FBEC8}.Release|Any CPU.ActiveCfg = Release|Any CPU
		{8DBE407E-6C09-41AF-A7D1-8D4AC20FBEC8}.Release|Any CPU.Build.0 = Release|Any CPU
		{8DBE407E-6C09-41AF-A7D1-8D4AC20FBEC8}.Release|ARM.ActiveCfg = Release|Any CPU
		{8DBE407E-6C09-41AF-A7D1-8D4AC20FBEC8}.Release|ARM.Build.0 = Release|Any CPU
		{8DBE407E-6C09-41AF-A7D1-8D4AC20FBEC8}.Release|iPhone.ActiveCfg = Release|Any CPU
		{8DBE407E-6C09-41AF-A7D1-8D4AC20FBEC8}.Release|iPhone.Build.0 = Release|Any CPU
		{8DBE407E-6C09-41AF-A7D1-8D4AC20FBEC8}.Release|iPhoneSimulator.ActiveCfg = Release|Any CPU
		{8DBE407E-6C09-41AF-A7D1-8D4AC20FBEC8}.Release|iPhoneSimulator.Build.0 = Release|Any CPU
		{8DBE407E-6C09-41AF-A7D1-8D4AC20FBEC8}.Release|x64.ActiveCfg = Release|Any CPU
		{8DBE407E-6C09-41AF-A7D1-8D4AC20FBEC8}.Release|x64.Build.0 = Release|Any CPU
		{8DBE407E-6C09-41AF-A7D1-8D4AC20FBEC8}.Release|x86.ActiveCfg = Release|Any CPU
		{8DBE407E-6C09-41AF-A7D1-8D4AC20FBEC8}.Release|x86.Build.0 = Release|Any CPU
	EndGlobalSection
	GlobalSection(SolutionProperties) = preSolution
		HideSolutionNode = FALSE
	EndGlobalSection
	GlobalSection(ExtensibilityGlobals) = postSolution
		SolutionGuid = {E1EEFA21-5EC9-4E89-B95C-156841317D13}
	EndGlobalSection
EndGlobal
